
Microsoft Visual Studio Solution File, Format Version 12.00
# Visual Studio 2012
Project("{FAE04EC0-301F-11D3-BF4B-00C04F79EFBC}") = "MvcApplication1", "MvcApplication1\MvcApplication1.csproj", "{804EDC32-17F4-4DBF-BD38-BF3C7784B794}"
EndProject
Project("{2150E333-8FDC-42A3-9474-1A3956D46DE8}") = ".nuget", ".nuget", "{E71157A2-C51B-470D-9AEE-C329B45DEF22}"
	ProjectSection(SolutionItems) = preProject
		.nuget\packages.config = .nuget\packages.config
	EndProjectSection
EndProject
Global
	GlobalSection(SolutionConfigurationPlatforms) = preSolution
		Debug|Any CPU = Debug|Any CPU
		Release|Any CPU = Release|Any CPU
	EndGlobalSection
	GlobalSection(ProjectConfigurationPlatforms) = postSolution
		{804EDC32-17F4-4DBF-BD38-BF3C7784B794}.Debug|Any CPU.ActiveCfg = Debug|Any CPU
		{804EDC32-17F4-4DBF-BD38-BF3C7784B794}.Debug|Any CPU.Build.0 = Debug|Any CPU
		{804EDC32-17F4-4DBF-BD38-BF3C7784B794}.Release|Any CPU.ActiveCfg = Release|Any CPU
		{804EDC32-17F4-4DBF-BD38-BF3C7784B794}.Release|Any CPU.Build.0 = Release|Any CPU
	EndGlobalSection
	GlobalSection(SolutionProperties) = preSolution
		HideSolutionNode = FALSE
	EndGlobalSection
	GlobalSection(ExtensibilityGlobals) = postSolution
		VisualSVNWorkingCopyRoot = .
	EndGlobalSection
EndGlobal
